
Microsoft Visual Studio Solution File, Format Version 12.00
Project("{2150E333-8FDC-42A3-9474-1A3956D46DE8}") = "src", "src", "{4A9F4C6C-8D90-44D4-AC9E-B19659382F86}"
EndProject
Project("{2150E333-8FDC-42A3-9474-1A3956D46DE8}") = "tests", "tests", "{2C99ED76-2568-489A-A4EE-AB996E8A5CE4}"
EndProject
Project("{2150E333-8FDC-42A3-9474-1A3956D46DE8}") = "Application", "Application", "{F5920FBD-9C58-41D3-AE5E-10DF9EF6A54A}"
EndProject
Project("{2150E333-8FDC-42A3-9474-1A3956D46DE8}") = "Presentation", "Presentation", "{C05AE194-624D-41A9-A096-9B641E170E3E}"
EndProject
Project("{FAE04EC0-301F-11D3-BF4B-00C04F79EFBC}") = "IntegrationTests", "tests\Application\IntegrationTests\IntegrationTests.csproj", "{9C6F2FFE-ECD9-42C8-837E-685FEC7DF1A2}"
EndProject
Project("{FAE04EC0-301F-11D3-BF4B-00C04F79EFBC}") = "UnitTests", "tests\Application\UnitTests\UnitTests.csproj", "{8D6B4CF0-BDD5-46CF-A887-46203FE80A0A}"
EndProject
Project("{FAE04EC0-301F-11D3-BF4B-00C04F79EFBC}") = "Infra", "src\Infra\Infra.csproj", "{0871B30C-33AB-4A52-9B80-968A5F72F1F6}"
EndProject
Project("{FAE04EC0-301F-11D3-BF4B-00C04F79EFBC}") = "Domain", "src\Domain\Domain.csproj", "{377FE5C7-0BA5-4D08-843F-8A5D79BF8FFC}"
EndProject
Project("{FAE04EC0-301F-11D3-BF4B-00C04F79EFBC}") = "Api", "src\Presentation\Api\Api.csproj", "{5B67DC64-4FFF-44B2-A3C3-16AF2C71F3EA}"
EndProject
Project("{FAE04EC0-301F-11D3-BF4B-00C04F79EFBC}") = "Application", "src\Application\Application.csproj", "{D9C1BC89-7926-49F7-8FD7-A2884531CEA4}"
EndProject
Global
	GlobalSection(SolutionConfigurationPlatforms) = preSolution
		Debug|Any CPU = Debug|Any CPU
		Release|Any CPU = Release|Any CPU
	EndGlobalSection
	GlobalSection(ProjectConfigurationPlatforms) = postSolution
		{9C6F2FFE-ECD9-42C8-837E-685FEC7DF1A2}.Debug|Any CPU.ActiveCfg = Debug|Any CPU
		{9C6F2FFE-ECD9-42C8-837E-685FEC7DF1A2}.Debug|Any CPU.Build.0 = Debug|Any CPU
		{9C6F2FFE-ECD9-42C8-837E-685FEC7DF1A2}.Release|Any CPU.ActiveCfg = Release|Any CPU
		{9C6F2FFE-ECD9-42C8-837E-685FEC7DF1A2}.Release|Any CPU.Build.0 = Release|Any CPU
		{8D6B4CF0-BDD5-46CF-A887-46203FE80A0A}.Debug|Any CPU.ActiveCfg = Debug|Any CPU
		{8D6B4CF0-BDD5-46CF-A887-46203FE80A0A}.Debug|Any CPU.Build.0 = Debug|Any CPU
		{8D6B4CF0-BDD5-46CF-A887-46203FE80A0A}.Release|Any CPU.ActiveCfg = Release|Any CPU
		{8D6B4CF0-BDD5-46CF-A887-46203FE80A0A}.Release|Any CPU.Build.0 = Release|Any CPU
		{0871B30C-33AB-4A52-9B80-968A5F72F1F6}.Debug|Any CPU.ActiveCfg = Debug|Any CPU
		{0871B30C-33AB-4A52-9B80-968A5F72F1F6}.Debug|Any CPU.Build.0 = Debug|Any CPU
		{0871B30C-33AB-4A52-9B80-968A5F72F1F6}.Release|Any CPU.ActiveCfg = Release|Any CPU
		{0871B30C-33AB-4A52-9B80-968A5F72F1F6}.Release|Any CPU.Build.0 = Release|Any CPU
		{377FE5C7-0BA5-4D08-843F-8A5D79BF8FFC}.Debug|Any CPU.ActiveCfg = Debug|Any CPU
		{377FE5C7-0BA5-4D08-843F-8A5D79BF8FFC}.Debug|Any CPU.Build.0 = Debug|Any CPU
		{377FE5C7-0BA5-4D08-843F-8A5D79BF8FFC}.Release|Any CPU.ActiveCfg = Release|Any CPU
		{377FE5C7-0BA5-4D08-843F-8A5D79BF8FFC}.Release|Any CPU.Build.0 = Release|Any CPU
		{5B67DC64-4FFF-44B2-A3C3-16AF2C71F3EA}.Debug|Any CPU.ActiveCfg = Debug|Any CPU
		{5B67DC64-4FFF-44B2-A3C3-16AF2C71F3EA}.Debug|Any CPU.Build.0 = Debug|Any CPU
		{5B67DC64-4FFF-44B2-A3C3-16AF2C71F3EA}.Release|Any CPU.ActiveCfg = Release|Any CPU
		{5B67DC64-4FFF-44B2-A3C3-16AF2C71F3EA}.Release|Any CPU.Build.0 = Release|Any CPU
		{D9C1BC89-7926-49F7-8FD7-A2884531CEA4}.Debug|Any CPU.ActiveCfg = Debug|Any CPU
		{D9C1BC89-7926-49F7-8FD7-A2884531CEA4}.Debug|Any CPU.Build.0 = Debug|Any CPU
		{D9C1BC89-7926-49F7-8FD7-A2884531CEA4}.Release|Any CPU.ActiveCfg = Release|Any CPU
		{D9C1BC89-7926-49F7-8FD7-A2884531CEA4}.Release|Any CPU.Build.0 = Release|Any CPU
	EndGlobalSection
	GlobalSection(NestedProjects) = preSolution
		{F5920FBD-9C58-41D3-AE5E-10DF9EF6A54A} = {2C99ED76-2568-489A-A4EE-AB996E8A5CE4}
		{C05AE194-624D-41A9-A096-9B641E170E3E} = {4A9F4C6C-8D90-44D4-AC9E-B19659382F86}
		{9C6F2FFE-ECD9-42C8-837E-685FEC7DF1A2} = {F5920FBD-9C58-41D3-AE5E-10DF9EF6A54A}
		{8D6B4CF0-BDD5-46CF-A887-46203FE80A0A} = {F5920FBD-9C58-41D3-AE5E-10DF9EF6A54A}
		{0871B30C-33AB-4A52-9B80-968A5F72F1F6} = {4A9F4C6C-8D90-44D4-AC9E-B19659382F86}
		{377FE5C7-0BA5-4D08-843F-8A5D79BF8FFC} = {4A9F4C6C-8D90-44D4-AC9E-B19659382F86}
		{5B67DC64-4FFF-44B2-A3C3-16AF2C71F3EA} = {C05AE194-624D-41A9-A096-9B641E170E3E}
		{D9C1BC89-7926-49F7-8FD7-A2884531CEA4} = {4A9F4C6C-8D90-44D4-AC9E-B19659382F86}
	EndGlobalSection
EndGlobal
