
Microsoft Visual Studio Solution File, Format Version 12.00
Project("{FAE04EC0-301F-11D3-BF4B-00C04F79EFBC}") = "Presentation", "Presentation\Presentation.csproj", "{BC6334B2-14A2-449C-9811-0B48B7E4404D}"
EndProject
Project("{2150E333-8FDC-42A3-9474-1A3956D46DE8}") = "src", "src", "{4A9F4C6C-8D90-44D4-AC9E-B19659382F86}"
EndProject
Project("{FAE04EC0-301F-11D3-BF4B-00C04F79EFBC}") = "Domain", "Domain\Domain.csproj", "{F39D361C-4EF1-4C94-B99E-93F7B6C46CD5}"
EndProject
Project("{FAE04EC0-301F-11D3-BF4B-00C04F79EFBC}") = "Infra", "Infra\Infra.csproj", "{430F522B-7368-42BE-BC89-5EABD42B9E0E}"
EndProject
Project("{FAE04EC0-301F-11D3-BF4B-00C04F79EFBC}") = "Application", "Application\Application.csproj", "{3A02BC19-B352-4ADA-A7DE-5CAC61AD7F83}"
EndProject
Project("{2150E333-8FDC-42A3-9474-1A3956D46DE8}") = "tests", "tests", "{2C99ED76-2568-489A-A4EE-AB996E8A5CE4}"
EndProject
Project("{2150E333-8FDC-42A3-9474-1A3956D46DE8}") = "Application", "Application", "{F5920FBD-9C58-41D3-AE5E-10DF9EF6A54A}"
EndProject
Project("{FAE04EC0-301F-11D3-BF4B-00C04F79EFBC}") = "UnitTests", "UnitTests\UnitTests.csproj", "{9397415E-76E8-4607-8BF8-5E1897510D6C}"
EndProject
Global
	GlobalSection(SolutionConfigurationPlatforms) = preSolution
		Debug|Any CPU = Debug|Any CPU
		Release|Any CPU = Release|Any CPU
	EndGlobalSection
	GlobalSection(ProjectConfigurationPlatforms) = postSolution
		{BC6334B2-14A2-449C-9811-0B48B7E4404D}.Debug|Any CPU.ActiveCfg = Debug|Any CPU
		{BC6334B2-14A2-449C-9811-0B48B7E4404D}.Debug|Any CPU.Build.0 = Debug|Any CPU
		{BC6334B2-14A2-449C-9811-0B48B7E4404D}.Release|Any CPU.ActiveCfg = Release|Any CPU
		{BC6334B2-14A2-449C-9811-0B48B7E4404D}.Release|Any CPU.Build.0 = Release|Any CPU
		{F39D361C-4EF1-4C94-B99E-93F7B6C46CD5}.Debug|Any CPU.ActiveCfg = Debug|Any CPU
		{F39D361C-4EF1-4C94-B99E-93F7B6C46CD5}.Debug|Any CPU.Build.0 = Debug|Any CPU
		{F39D361C-4EF1-4C94-B99E-93F7B6C46CD5}.Release|Any CPU.ActiveCfg = Release|Any CPU
		{F39D361C-4EF1-4C94-B99E-93F7B6C46CD5}.Release|Any CPU.Build.0 = Release|Any CPU
		{430F522B-7368-42BE-BC89-5EABD42B9E0E}.Debug|Any CPU.ActiveCfg = Debug|Any CPU
		{430F522B-7368-42BE-BC89-5EABD42B9E0E}.Debug|Any CPU.Build.0 = Debug|Any CPU
		{430F522B-7368-42BE-BC89-5EABD42B9E0E}.Release|Any CPU.ActiveCfg = Release|Any CPU
		{430F522B-7368-42BE-BC89-5EABD42B9E0E}.Release|Any CPU.Build.0 = Release|Any CPU
		{3A02BC19-B352-4ADA-A7DE-5CAC61AD7F83}.Debug|Any CPU.ActiveCfg = Debug|Any CPU
		{3A02BC19-B352-4ADA-A7DE-5CAC61AD7F83}.Debug|Any CPU.Build.0 = Debug|Any CPU
		{3A02BC19-B352-4ADA-A7DE-5CAC61AD7F83}.Release|Any CPU.ActiveCfg = Release|Any CPU
		{3A02BC19-B352-4ADA-A7DE-5CAC61AD7F83}.Release|Any CPU.Build.0 = Release|Any CPU
		{9397415E-76E8-4607-8BF8-5E1897510D6C}.Debug|Any CPU.ActiveCfg = Debug|Any CPU
		{9397415E-76E8-4607-8BF8-5E1897510D6C}.Debug|Any CPU.Build.0 = Debug|Any CPU
		{9397415E-76E8-4607-8BF8-5E1897510D6C}.Release|Any CPU.ActiveCfg = Release|Any CPU
		{9397415E-76E8-4607-8BF8-5E1897510D6C}.Release|Any CPU.Build.0 = Release|Any CPU
	EndGlobalSection
	GlobalSection(NestedProjects) = preSolution
		{BC6334B2-14A2-449C-9811-0B48B7E4404D} = {4A9F4C6C-8D90-44D4-AC9E-B19659382F86}
		{F39D361C-4EF1-4C94-B99E-93F7B6C46CD5} = {4A9F4C6C-8D90-44D4-AC9E-B19659382F86}
		{430F522B-7368-42BE-BC89-5EABD42B9E0E} = {4A9F4C6C-8D90-44D4-AC9E-B19659382F86}
		{3A02BC19-B352-4ADA-A7DE-5CAC61AD7F83} = {4A9F4C6C-8D90-44D4-AC9E-B19659382F86}
		{F5920FBD-9C58-41D3-AE5E-10DF9EF6A54A} = {2C99ED76-2568-489A-A4EE-AB996E8A5CE4}
		{9397415E-76E8-4607-8BF8-5E1897510D6C} = {F5920FBD-9C58-41D3-AE5E-10DF9EF6A54A}
	EndGlobalSection
EndGlobal
